
Microsoft Visual Studio Solution File, Format Version 12.00
# Visual Studio Version 16
VisualStudioVersion = 16.0.31402.337
MinimumVisualStudioVersion = 10.0.40219.1
Project("{FAE04EC0-301F-11D3-BF4B-00C04F79EFBC}") = "School_project", "School_project.csproj", "{372370DA-1EF5-4FD4-9D42-C5EECFD8F132}"
EndProject
Global
	GlobalSection(SolutionConfigurationPlatforms) = preSolution
		Debug|Any CPU = Debug|Any CPU
		Release|Any CPU = Release|Any CPU
	EndGlobalSection
	GlobalSection(ProjectConfigurationPlatforms) = postSolution
		{372370DA-1EF5-4FD4-9D42-C5EECFD8F132}.Debug|Any CPU.ActiveCfg = Debug|Any CPU
		{372370DA-1EF5-4FD4-9D42-C5EECFD8F132}.Debug|Any CPU.Build.0 = Debug|Any CPU
		{372370DA-1EF5-4FD4-9D42-C5EECFD8F132}.Release|Any CPU.ActiveCfg = Release|Any CPU
		{372370DA-1EF5-4FD4-9D42-C5EECFD8F132}.Release|Any CPU.Build.0 = Release|Any CPU
	EndGlobalSection
	GlobalSection(SolutionProperties) = preSolution
		HideSolutionNode = FALSE
	EndGlobalSection
	GlobalSection(ExtensibilityGlobals) = postSolution
		SolutionGuid = {13197E2B-5236-4ECF-915D-73424F190102}
	EndGlobalSection
EndGlobal
